
Microsoft Visual Studio Solution File, Format Version 12.00
# Visual Studio Version 16
VisualStudioVersion = 16.0.30523.141
MinimumVisualStudioVersion = 10.0.40219.1
Project("{FAE04EC0-301F-11D3-BF4B-00C04F79EFBC}") = "LR5_3", "LR5_3\LR5_3.csproj", "{9E135E72-BC58-4BBB-9B7D-3AAC4EF933B5}"
EndProject
Global
	GlobalSection(SolutionConfigurationPlatforms) = preSolution
		Debug|Any CPU = Debug|Any CPU
		Release|Any CPU = Release|Any CPU
	EndGlobalSection
	GlobalSection(ProjectConfigurationPlatforms) = postSolution
		{9E135E72-BC58-4BBB-9B7D-3AAC4EF933B5}.Debug|Any CPU.ActiveCfg = Debug|Any CPU
		{9E135E72-BC58-4BBB-9B7D-3AAC4EF933B5}.Debug|Any CPU.Build.0 = Debug|Any CPU
		{9E135E72-BC58-4BBB-9B7D-3AAC4EF933B5}.Release|Any CPU.ActiveCfg = Release|Any CPU
		{9E135E72-BC58-4BBB-9B7D-3AAC4EF933B5}.Release|Any CPU.Build.0 = Release|Any CPU
	EndGlobalSection
	GlobalSection(SolutionProperties) = preSolution
		HideSolutionNode = FALSE
	EndGlobalSection
	GlobalSection(ExtensibilityGlobals) = postSolution
		SolutionGuid = {CD7E1F36-FDB3-4B5D-BE0F-06B6AAD7E3CD}
	EndGlobalSection
EndGlobal
